
Microsoft Visual Studio Solution File, Format Version 12.00
# Visual Studio Version 17
VisualStudioVersion = 17.11.35312.102
MinimumVisualStudioVersion = 10.0.40219.1
Project("{FAE04EC0-301F-11D3-BF4B-00C04F79EFBC}") = "01_MainSubjects", "01_MainSubjects\01_MainSubjects.csproj", "{B51EAB7E-1F28-4672-BC35-56824F55FFD9}"
EndProject
Project("{FAE04EC0-301F-11D3-BF4B-00C04F79EFBC}") = "02_Variables", "02_Variables\02_Variables.csproj", "{FEFEDEED-FD1D-41C4-B138-E958AFF44BF1}"
EndProject
Global
	GlobalSection(SolutionConfigurationPlatforms) = preSolution
		Debug|Any CPU = Debug|Any CPU
		Release|Any CPU = Release|Any CPU
	EndGlobalSection
	GlobalSection(ProjectConfigurationPlatforms) = postSolution
		{B51EAB7E-1F28-4672-BC35-56824F55FFD9}.Debug|Any CPU.ActiveCfg = Debug|Any CPU
		{B51EAB7E-1F28-4672-BC35-56824F55FFD9}.Debug|Any CPU.Build.0 = Debug|Any CPU
		{B51EAB7E-1F28-4672-BC35-56824F55FFD9}.Release|Any CPU.ActiveCfg = Release|Any CPU
		{B51EAB7E-1F28-4672-BC35-56824F55FFD9}.Release|Any CPU.Build.0 = Release|Any CPU
		{FEFEDEED-FD1D-41C4-B138-E958AFF44BF1}.Debug|Any CPU.ActiveCfg = Debug|Any CPU
		{FEFEDEED-FD1D-41C4-B138-E958AFF44BF1}.Debug|Any CPU.Build.0 = Debug|Any CPU
		{FEFEDEED-FD1D-41C4-B138-E958AFF44BF1}.Release|Any CPU.ActiveCfg = Release|Any CPU
		{FEFEDEED-FD1D-41C4-B138-E958AFF44BF1}.Release|Any CPU.Build.0 = Release|Any CPU
	EndGlobalSection
	GlobalSection(SolutionProperties) = preSolution
		HideSolutionNode = FALSE
	EndGlobalSection
	GlobalSection(ExtensibilityGlobals) = postSolution
		SolutionGuid = {28F5ED9A-95E4-45B9-A47D-2CAD0851E8A9}
	EndGlobalSection
EndGlobal
